
Microsoft Visual Studio Solution File, Format Version 11.00
# Visual Studio 2010
Project("{FAE04EC0-301F-11D3-BF4B-00C04F79EFBC}") = "Spinn.Frontend", "Spinn.Frontend\Spinn.Frontend.csproj", "{037C82BE-6032-45EF-AD87-A660C8641EB9}"
EndProject
Project("{FAE04EC0-301F-11D3-BF4B-00C04F79EFBC}") = "Spinn.DAL.EF", "Spinn.DAL.EF\Spinn.DAL.EF.csproj", "{BCBD1607-A006-4AF8-A5A5-FC9776592EFB}"
EndProject
Project("{FAE04EC0-301F-11D3-BF4B-00C04F79EFBC}") = "Spinn.Model", "Spinn.Model\Spinn.Model.csproj", "{B9120EDB-ABEC-4B25-8955-BE10F7670174}"
EndProject
Global
	GlobalSection(SolutionConfigurationPlatforms) = preSolution
		Debug|Any CPU = Debug|Any CPU
		Release|Any CPU = Release|Any CPU
	EndGlobalSection
	GlobalSection(ProjectConfigurationPlatforms) = postSolution
		{037C82BE-6032-45EF-AD87-A660C8641EB9}.Debug|Any CPU.ActiveCfg = Debug|Any CPU
		{037C82BE-6032-45EF-AD87-A660C8641EB9}.Debug|Any CPU.Build.0 = Debug|Any CPU
		{037C82BE-6032-45EF-AD87-A660C8641EB9}.Release|Any CPU.ActiveCfg = Release|Any CPU
		{037C82BE-6032-45EF-AD87-A660C8641EB9}.Release|Any CPU.Build.0 = Release|Any CPU
		{BCBD1607-A006-4AF8-A5A5-FC9776592EFB}.Debug|Any CPU.ActiveCfg = Debug|Any CPU
		{BCBD1607-A006-4AF8-A5A5-FC9776592EFB}.Debug|Any CPU.Build.0 = Debug|Any CPU
		{BCBD1607-A006-4AF8-A5A5-FC9776592EFB}.Release|Any CPU.ActiveCfg = Release|Any CPU
		{BCBD1607-A006-4AF8-A5A5-FC9776592EFB}.Release|Any CPU.Build.0 = Release|Any CPU
		{B9120EDB-ABEC-4B25-8955-BE10F7670174}.Debug|Any CPU.ActiveCfg = Debug|Any CPU
		{B9120EDB-ABEC-4B25-8955-BE10F7670174}.Debug|Any CPU.Build.0 = Debug|Any CPU
		{B9120EDB-ABEC-4B25-8955-BE10F7670174}.Release|Any CPU.ActiveCfg = Release|Any CPU
		{B9120EDB-ABEC-4B25-8955-BE10F7670174}.Release|Any CPU.Build.0 = Release|Any CPU
	EndGlobalSection
	GlobalSection(SolutionProperties) = preSolution
		HideSolutionNode = FALSE
	EndGlobalSection
EndGlobal
